
Microsoft Visual Studio Solution File, Format Version 12.00
# Visual Studio Version 17
VisualStudioVersion = 17.14.36221.1 d17.14
MinimumVisualStudioVersion = 10.0.40219.1
Project("{FAE04EC0-301F-11D3-BF4B-00C04F79EFBC}") = "blazor-dashboard", "blazor-dashboard.csproj", "{C0059116-9345-491D-9DB1-9160593EE6DE}"
EndProject
Global
	GlobalSection(SolutionConfigurationPlatforms) = preSolution
		Debug|Any CPU = Debug|Any CPU
		Release|Any CPU = Release|Any CPU
	EndGlobalSection
	GlobalSection(ProjectConfigurationPlatforms) = postSolution
		{C0059116-9345-491D-9DB1-9160593EE6DE}.Debug|Any CPU.ActiveCfg = Debug|Any CPU
		{C0059116-9345-491D-9DB1-9160593EE6DE}.Debug|Any CPU.Build.0 = Debug|Any CPU
		{C0059116-9345-491D-9DB1-9160593EE6DE}.Release|Any CPU.ActiveCfg = Release|Any CPU
		{C0059116-9345-491D-9DB1-9160593EE6DE}.Release|Any CPU.Build.0 = Release|Any CPU
	EndGlobalSection
	GlobalSection(SolutionProperties) = preSolution
		HideSolutionNode = FALSE
	EndGlobalSection
	GlobalSection(ExtensibilityGlobals) = postSolution
		SolutionGuid = {08196BAC-97C8-4E16-80AD-22FF6AA286D8}
	EndGlobalSection
EndGlobal
